{
  "name": "olum-app",
  "version": "0.1.0",
  "lockfileVersion": 3,
  "requires": true,
  "packages": {
    "": {
      "name": "olum-app",
      "version": "0.1.0",
      "license": "ISC",
      "dependencies": {
        "olum": "latest",
        "olum-router": "latest"
      },
      "devDependencies": {
        "olum-compiler": "latest",
        "olum-devtool": "^1.0.0"
      }
    },
    "node_modules/acorn": {
      "version": "8.18.0",
      "resolved": "https://registry.npmjs.org/acorn/-/acorn-8.18.0.tgz",
      "integrity": "sha512-lGq+9yr1/GuAWaVYIHRjvvySG5/4VfKIvC8EWxStPdcDh/Ka7FG3twP6v4d5BkravUilhIAsG4Qj83t02LWUPQ==",
      "dev": true,
      "license": "MIT",
      "bin": {
        "acorn": "bin/acorn"
      },
      "engines": {
        "node": ">=0.4.0"
      }
    },
    "node_modules/acorn-walk": {
      "version": "8.3.5",
      "resolved": "https://registry.npmjs.org/acorn-walk/-/acorn-walk-8.3.5.tgz",
      "integrity": "sha512-HEHNfbars9v4pgpW6SO1KSPkfoS0xVOM/9UzkJltjlsHZmJasxg8aXkuZa7SMf8vKGIBhpUsPluQSqhJFCqebw==",
      "dev": true,
      "license": "MIT",
      "dependencies": {
        "acorn": "^8.11.0"
      },
      "engines": {
        "node": ">=0.4.0"
      }
    },
    "node_modules/entities": {
      "version": "8.0.0",
      "resolved": "https://registry.npmjs.org/entities/-/entities-8.0.0.tgz",
      "integrity": "sha512-zwfzJecQ/Uej6tusMqwAqU/6KL2XaB2VZ2Jg54Je6ahNBGNH6Ek6g3jjNCF0fG9EWQKGZNddNjU5F1ZQn/sBnA==",
      "dev": true,
      "license": "BSD-2-Clause",
      "engines": {
        "node": ">=20.19.0"
      },
      "funding": {
        "url": "https://github.com/fb55/entities?sponsor=1"
      }
    },
    "node_modules/olum": {
      "version": "0.9.1",
      "resolved": "https://registry.npmjs.org/olum/-/olum-0.9.1.tgz",
      "integrity": "sha512-bZ9IC1VMMG5vWPALwnc/J8kU6hHW7x4Takr0iZrS4fdvfAMV3c/6nhWOY86lWjlbaB/s9OSSOz4t30uC8H2h8Q==",
      "license": "MIT"
    },
    "node_modules/olum-compiler": {
      "version": "1.8.0",
      "resolved": "https://registry.npmjs.org/olum-compiler/-/olum-compiler-1.8.0.tgz",
      "integrity": "sha512-kHsrUJhbYNV3iETxZl8+EIF3/ak0TsKJbmUJ9alcSpgJliHG6jOxxmMXZC6fH9vutaYbq/HLOxco0MBNs1CJxA==",
      "dev": true,
      "license": "MIT",
      "dependencies": {
        "acorn": "^8.17.0",
        "acorn-walk": "^8.3.5",
        "parse5": "^8.0.1"
      },
      "bin": {
        "olum-compiler": "bin/index.js"
      },
      "engines": {
        "node": ">=14"
      }
    },
    "node_modules/olum-devtool": {
      "version": "1.0.0",
      "resolved": "https://registry.npmjs.org/olum-devtool/-/olum-devtool-1.0.0.tgz",
      "integrity": "sha512-AKxz+OByPtwSD3Kb8ZqVj2f0PJ4RtpO8Cb2XjIB/VPsJ7lOQSzqvbpdWNkPgSg8HJSLmt3Vtt57lH2wXJmXvYw==",
      "dev": true,
      "license": "MIT"
    },
    "node_modules/olum-router": {
      "version": "0.5.1",
      "resolved": "https://registry.npmjs.org/olum-router/-/olum-router-0.5.1.tgz",
      "integrity": "sha512-eTMs4v9U1igBltW8A9GOA5nH6iOLczph3Wq1tY0YPcXfLEJca2KrMVZCyNsoms6uhryq0CVDTkaFVdGBwzQ3yQ==",
      "license": "MIT"
    },
    "node_modules/parse5": {
      "version": "8.0.1",
      "resolved": "https://registry.npmjs.org/parse5/-/parse5-8.0.1.tgz",
      "integrity": "sha512-z1e/HMG90obSGeidlli3hj7cbocou0/wa5HacvI3ASx34PecNjNQeaHNo5WIZpWofN9kgkqV1q5YvXe3F0FoPw==",
      "dev": true,
      "license": "MIT",
      "dependencies": {
        "entities": "^8.0.0"
      },
      "funding": {
        "url": "https://github.com/inikulin/parse5?sponsor=1"
      }
    }
  }
}
